// !$*UTF8*$!
{
	archiveVersion = 1;
	classes = {
	};
	objectVersion = 46;
	objects = {

/* Begin PBXBuildFile section */
		2C9885651D1DB9E000D2E3B2 /* AppDelegate.swift in Sources */ = {isa = PBXBuildFile; fileRef = 2C9885641D1DB9E000D2E3B2 /* AppDelegate.swift */; };
		2C9885671D1DB9E000D2E3B2 /* ViewController.swift in Sources */ = {isa = PBXBuildFile; fileRef = 2C9885661D1DB9E000D2E3B2 /* ViewController.swift */; };
		2C98856A1D1DB9E000D2E3B2 /* Main.storyboard in Resources */ = {isa = PBXBuildFile; fileRef = 2C9885681D1DB9E000D2E3B2 /* Main.storyboard */; };
		2C98856C1D1DB9E000D2E3B2 /* Assets.xcassets in Resources */ = {isa = PBXBuildFile; fileRef = 2C98856B1D1DB9E000D2E3B2 /* Assets.xcassets */; };
		2C98856F1D1DB9E000D2E3B2 /* LaunchScreen.storyboard in Resources */ = {isa = PBXBuildFile; fileRef = 2C98856D1D1DB9E000D2E3B2 /* LaunchScreen.storyboard */; };
		2C98857A1D1DB9E000D2E3B2 /* sort_testerTests.swift in Sources */ = {isa = PBXBuildFile; fileRef = 2C9885791D1DB9E000D2E3B2 /* sort_testerTests.swift */; };
		2C9885851D1DB9E000D2E3B2 /* sort_testerUITests.swift in Sources */ = {isa = PBXBuildFile; fileRef = 2C9885841D1DB9E000D2E3B2 /* sort_testerUITests.swift */; };
		2C9885931D1DB9F800D2E3B2 /* SortController.swift in Sources */ = {isa = PBXBuildFile; fileRef = 2C9885921D1DB9F800D2E3B2 /* SortController.swift */; };
/* End PBXBuildFile section */

/* Begin PBXContainerItemProxy section */
		2C9885761D1DB9E000D2E3B2 /* PBXContainerItemProxy */ = {
			isa = PBXContainerItemProxy;
			containerPortal = 2C9885591D1DB9E000D2E3B2 /* Project object */;
			proxyType = 1;
			remoteGlobalIDString = 2C9885601D1DB9E000D2E3B2;
			remoteInfo = "sort-tester";
		};
		2C9885811D1DB9E000D2E3B2 /* PBXContainerItemProxy */ = {
			isa = PBXContainerItemProxy;
			containerPortal = 2C9885591D1DB9E000D2E3B2 /* Project object */;
			proxyType = 1;
			remoteGlobalIDString = 2C9885601D1DB9E000D2E3B2;
			remoteInfo = "sort-tester";
		};
/* End PBXContainerItemProxy section */

/* Begin PBXFileReference section */
		2C9885611D1DB9E000D2E3B2 /* sort-tester.app */ = {isa = PBXFileReference; explicitFileType = wrapper.application; includeInIndex = 0; path = "sort-tester.app"; sourceTree = BUILT_PRODUCTS_DIR; };
		2C9885641D1DB9E000D2E3B2 /* AppDelegate.swift */ = {isa = PBXFileReference; lastKnownFileType = sourcecode.swift; path = AppDelegate.swift; sourceTree = "<group>"; };
		2C9885661D1DB9E000D2E3B2 /* ViewController.swift */ = {isa = PBXFileReference; lastKnownFileType = sourcecode.swift; path = ViewController.swift; sourceTree = "<group>"; };
		2C9885691D1DB9E000D2E3B2 /* Base */ = {isa = PBXFileReference; lastKnownFileType = file.storyboard; name = Base; path = Base.lproj/Main.storyboard; sourceTree = "<group>"; };
		2C98856B1D1DB9E000D2E3B2 /* Assets.xcassets */ = {isa = PBXFileReference; lastKnownFileType = folder.assetcatalog; path = Assets.xcassets; sourceTree = "<group>"; };
		2C98856E1D1DB9E000D2E3B2 /* Base */ = {isa = PBXFileReference; lastKnownFileType = file.storyboard; name = Base; path = Base.lproj/LaunchScreen.storyboard; sourceTree = "<group>"; };
		2C9885701D1DB9E000D2E3B2 /* Info.plist */ = {isa = PBXFileReference; lastKnownFileType = text.plist.xml; path = Info.plist; sourceTree = "<group>"; };
		2C9885751D1DB9E000D2E3B2 /* sort-testerTests.xctest */ = {isa = PBXFileReference; explicitFileType = wrapper.cfbundle; includeInIndex = 0; path = "sort-testerTests.xctest"; sourceTree = BUILT_PRODUCTS_DIR; };
		2C9885791D1DB9E000D2E3B2 /* sort_testerTests.swift */ = {isa = PBXFileReference; lastKnownFileType = sourcecode.swift; path = sort_testerTests.swift; sourceTree = "<group>"; };
		2C98857B1D1DB9E000D2E3B2 /* Info.plist */ = {isa = PBXFileReference; lastKnownFileType = text.plist.xml; path = Info.plist; sourceTree = "<group>"; };
		2C9885801D1DB9E000D2E3B2 /* sort-testerUITests.xctest */ = {isa = PBXFileReference; explicitFileType = wrapper.cfbundle; includeInIndex = 0; path = "sort-testerUITests.xctest"; sourceTree = BUILT_PRODUCTS_DIR; };
		2C9885841D1DB9E000D2E3B2 /* sort_testerUITests.swift */ = {isa = PBXFileReference; lastKnownFileType = sourcecode.swift; path = sort_testerUITests.swift; sourceTree = "<group>"; };
		2C9885861D1DB9E000D2E3B2 /* Info.plist */ = {isa = PBXFileReference; lastKnownFileType = text.plist.xml; path = Info.plist; sourceTree = "<group>"; };
		2C9885921D1DB9F800D2E3B2 /* SortController.swift */ = {isa = PBXFileReference; fileEncoding = 4; lastKnownFileType = sourcecode.swift; path = SortController.swift; sourceTree = "<group>"; };
/* End PBXFileReference section */

/* Begin PBXFrameworksBuildPhase section */
		2C98855E1D1DB9E000D2E3B2 /* Frameworks */ = {
			isa = PBXFrameworksBuildPhase;
			buildActionMask = 2147483647;
			files = (
			);
			runOnlyForDeploymentPostprocessing = 0;
		};
		2C9885721D1DB9E000D2E3B2 /* Frameworks */ = {
			isa = PBXFrameworksBuildPhase;
			buildActionMask = 2147483647;
			files = (
			);
			runOnlyForDeploymentPostprocessing = 0;
		};
		2C98857D1D1DB9E000D2E3B2 /* Frameworks */ = {
			isa = PBXFrameworksBuildPhase;
			buildActionMask = 2147483647;
			files = (
			);
			runOnlyForDeploymentPostprocessing = 0;
		};
/* End PBXFrameworksBuildPhase section */

/* Begin PBXGroup section */
		2C9885581D1DB9E000D2E3B2 = {
			isa = PBXGroup;
			children = (
				2C9885631D1DB9E000D2E3B2 /* sort-tester */,
				2C9885781D1DB9E000D2E3B2 /* sort-testerTests */,
				2C9885831D1DB9E000D2E3B2 /* sort-testerUITests */,
				2C9885621D1DB9E000D2E3B2 /* Products */,
			);
			sourceTree = "<group>";
		};
		2C9885621D1DB9E000D2E3B2 /* Products */ = {
			isa = PBXGroup;
			children = (
				2C9885611D1DB9E000D2E3B2 /* sort-tester.app */,
				2C9885751D1DB9E000D2E3B2 /* sort-testerTests.xctest */,
				2C9885801D1DB9E000D2E3B2 /* sort-testerUITests.xctest */,
			);
			name = Products;
			sourceTree = "<group>";
		};
		2C9885631D1DB9E000D2E3B2 /* sort-tester */ = {
			isa = PBXGroup;
			children = (
				2C9885641D1DB9E000D2E3B2 /* AppDelegate.swift */,
				2C9885661D1DB9E000D2E3B2 /* ViewController.swift */,
				2C9885681D1DB9E000D2E3B2 /* Main.storyboard */,
				2C98856B1D1DB9E000D2E3B2 /* Assets.xcassets */,
				2C98856D1D1DB9E000D2E3B2 /* LaunchScreen.storyboard */,
				2C9885701D1DB9E000D2E3B2 /* Info.plist */,
				2C9885921D1DB9F800D2E3B2 /* SortController.swift */,
			);
			path = "sort-tester";
			sourceTree = "<group>";
		};
		2C9885781D1DB9E000D2E3B2 /* sort-testerTests */ = {
			isa = PBXGroup;
			children = (
				2C9885791D1DB9E000D2E3B2 /* sort_testerTests.swift */,
				2C98857B1D1DB9E000D2E3B2 /* Info.plist */,
			);
			path = "sort-testerTests";
			sourceTree = "<group>";
		};
		2C9885831D1DB9E000D2E3B2 /* sort-testerUITests */ = {
			isa = PBXGroup;
			children = (
				2C9885841D1DB9E000D2E3B2 /* sort_testerUITests.swift */,
				2C9885861D1DB9E000D2E3B2 /* Info.plist */,
			);
			path = "sort-testerUITests";
			sourceTree = "<group>";
		};
/* End PBXGroup section */

/* Begin PBXNativeTarget section */
		2C9885601D1DB9E000D2E3B2 /* sort-tester */ = {
			isa = PBXNativeTarget;
			buildConfigurationList = 2C9885891D1DB9E000D2E3B2 /* Build configuration list for PBXNativeTarget "sort-tester" */;
			buildPhases = (
				2C98855D1D1DB9E000D2E3B2 /* Sources */,
				2C98855E1D1DB9E000D2E3B2 /* Frameworks */,
				2C98855F1D1DB9E000D2E3B2 /* Resources */,
			);
			buildRules = (
			);
			dependencies = (
			);
			name = "sort-tester";
			productName = "sort-tester";
			productReference = 2C9885611D1DB9E000D2E3B2 /* sort-tester.app */;
			productType = "com.apple.product-type.application";
		};
		2C9885741D1DB9E000D2E3B2 /* sort-testerTests */ = {
			isa = PBXNativeTarget;
			buildConfigurationList = 2C98858C1D1DB9E000D2E3B2 /* Build configuration list for PBXNativeTarget "sort-testerTests" */;
			buildPhases = (
				2C9885711D1DB9E000D2E3B2 /* Sources */,
				2C9885721D1DB9E000D2E3B2 /* Frameworks */,
				2C9885731D1DB9E000D2E3B2 /* Resources */,
			);
			buildRules = (
			);
			dependencies = (
				2C9885771D1DB9E000D2E3B2 /* PBXTargetDependency */,
			);
			name = "sort-testerTests";
			productName = "sort-testerTests";
			productReference = 2C9885751D1DB9E000D2E3B2 /* sort-testerTests.xctest */;
			productType = "com.apple.product-type.bundle.unit-test";
		};
		2C98857F1D1DB9E000D2E3B2 /* sort-testerUITests */ = {
			isa = PBXNativeTarget;
			buildConfigurationList = 2C98858F1D1DB9E000D2E3B2 /* Build configuration list for PBXNativeTarget "sort-testerUITests" */;
			buildPhases = (
				2C98857C1D1DB9E000D2E3B2 /* Sources */,
				2C98857D1D1DB9E000D2E3B2 /* Frameworks */,
				2C98857E1D1DB9E000D2E3B2 /* Resources */,
			);
			buildRules = (
			);
			dependencies = (
				2C9885821D1DB9E000D2E3B2 /* PBXTargetDependency */,
			);
			name = "sort-testerUITests";
			productName = "sort-testerUITests";
			productReference = 2C9885801D1DB9E000D2E3B2 /* sort-testerUITests.xctest */;
			productType = "com.apple.product-type.bundle.ui-testing";
		};
/* End PBXNativeTarget section */

/* Begin PBXProject section */
		2C9885591D1DB9E000D2E3B2 /* Project object */ = {
			isa = PBXProject;
			attributes = {
				LastSwiftUpdateCheck = 0730;
				LastUpgradeCheck = 0730;
				ORGANIZATIONNAME = "Marcus Grant";
				TargetAttributes = {
					2C9885601D1DB9E000D2E3B2 = {
						CreatedOnToolsVersion = 7.3.1;
					};
					2C9885741D1DB9E000D2E3B2 = {
						CreatedOnToolsVersion = 7.3.1;
						TestTargetID = 2C9885601D1DB9E000D2E3B2;
					};
					2C98857F1D1DB9E000D2E3B2 = {
						CreatedOnToolsVersion = 7.3.1;
						TestTargetID = 2C9885601D1DB9E000D2E3B2;
					};
				};
			};
			buildConfigurationList = 2C98855C1D1DB9E000D2E3B2 /* Build configuration list for PBXProject "sort-tester" */;
			compatibilityVersion = "Xcode 3.2";
			developmentRegion = English;
			hasScannedForEncodings = 0;
			knownRegions = (
				en,
				Base,
			);
			mainGroup = 2C9885581D1DB9E000D2E3B2;
			productRefGroup = 2C9885621D1DB9E000D2E3B2 /* Products */;
			projectDirPath = "";
			projectRoot = "";
			targets = (
				2C9885601D1DB9E000D2E3B2 /* sort-tester */,
				2C9885741D1DB9E000D2E3B2 /* sort-testerTests */,
				2C98857F1D1DB9E000D2E3B2 /* sort-testerUITests */,
			);
		};
/* End PBXProject section */

/* Begin PBXResourcesBuildPhase section */
		2C98855F1D1DB9E000D2E3B2 /* Resources */ = {
			isa = PBXResourcesBuildPhase;
			buildActionMask = 2147483647;
			files = (
				2C98856F1D1DB9E000D2E3B2 /* LaunchScreen.storyboard in Resources */,
				2C98856C1D1DB9E000D2E3B2 /* Assets.xcassets in Resources */,
				2C98856A1D1DB9E000D2E3B2 /* Main.storyboard in Resources */,
			);
			runOnlyForDeploymentPostprocessing = 0;
		};
		2C9885731D1DB9E000D2E3B2 /* Resources */ = {
			isa = PBXResourcesBuildPhase;
			buildActionMask = 2147483647;
			files = (
			);
			runOnlyForDeploymentPostprocessing = 0;
		};
		2C98857E1D1DB9E000D2E3B2 /* Resources */ = {
			isa = PBXResourcesBuildPhase;
			buildActionMask = 2147483647;
			files = (
			);
			runOnlyForDeploymentPostprocessing = 0;
		};
/* End PBXResourcesBuildPhase section */

/* Begin PBXSourcesBuildPhase section */
		2C98855D1D1DB9E000D2E3B2 /* Sources */ = {
			isa = PBXSourcesBuildPhase;
			buildActionMask = 2147483647;
			files = (
				2C9885931D1DB9F800D2E3B2 /* SortController.swift in Sources */,
				2C9885671D1DB9E000D2E3B2 /* ViewController.swift in Sources */,
				2C9885651D1DB9E000D2E3B2 /* AppDelegate.swift in Sources */,
			);
			runOnlyForDeploymentPostprocessing = 0;
		};
		2C9885711D1DB9E000D2E3B2 /* Sources */ = {
			isa = PBXSourcesBuildPhase;
			buildActionMask = 2147483647;
			files = (
				2C98857A1D1DB9E000D2E3B2 /* sort_testerTests.swift in Sources */,
			);
			runOnlyForDeploymentPostprocessing = 0;
		};
		2C98857C1D1DB9E000D2E3B2 /* Sources */ = {
			isa = PBXSourcesBuildPhase;
			buildActionMask = 2147483647;
			files = (
				2C9885851D1DB9E000D2E3B2 /* sort_testerUITests.swift in Sources */,
			);
			runOnlyForDeploymentPostprocessing = 0;
		};
/* End PBXSourcesBuildPhase section */

/* Begin PBXTargetDependency section */
		2C9885771D1DB9E000D2E3B2 /* PBXTargetDependency */ = {
			isa = PBXTargetDependency;
			target = 2C9885601D1DB9E000D2E3B2 /* sort-tester */;
			targetProxy = 2C9885761D1DB9E000D2E3B2 /* PBXContainerItemProxy */;
		};
		2C9885821D1DB9E000D2E3B2 /* PBXTargetDependency */ = {
			isa = PBXTargetDependency;
			target = 2C9885601D1DB9E000D2E3B2 /* sort-tester */;
			targetProxy = 2C9885811D1DB9E000D2E3B2 /* PBXContainerItemProxy */;
		};
/* End PBXTargetDependency section */

/* Begin PBXVariantGroup section */
		2C9885681D1DB9E000D2E3B2 /* Main.storyboard */ = {
			isa = PBXVariantGroup;
			children = (
				2C9885691D1DB9E000D2E3B2 /* Base */,
			);
			name = Main.storyboard;
			sourceTree = "<group>";
		};
		2C98856D1D1DB9E000D2E3B2 /* LaunchScreen.storyboard */ = {
			isa = PBXVariantGroup;
			children = (
				2C98856E1D1DB9E000D2E3B2 /* Base */,
			);
			name = LaunchScreen.storyboard;
			sourceTree = "<group>";
		};
/* End PBXVariantGroup section */

/* Begin XCBuildConfiguration section */
		2C9885871D1DB9E000D2E3B2 /* Debug */ = {
			isa = XCBuildConfiguration;
			buildSettings = {
				ALWAYS_SEARCH_USER_PATHS = NO;
				CLANG_ANALYZER_NONNULL = YES;
				CLANG_CXX_LANGUAGE_STANDARD = "gnu++0x";
				CLANG_CXX_LIBRARY = "libc++";
				CLANG_ENABLE_MODULES = YES;
				CLANG_ENABLE_OBJC_ARC = YES;
				CLANG_WARN_BOOL_CONVERSION = YES;
				CLANG_WARN_CONSTANT_CONVERSION = YES;
				CLANG_WARN_DIRECT_OBJC_ISA_USAGE = YES_ERROR;
				CLANG_WARN_EMPTY_BODY = YES;
				CLANG_WARN_ENUM_CONVERSION = YES;
				CLANG_WARN_INT_CONVERSION = YES;
				CLANG_WARN_OBJC_ROOT_CLASS = YES_ERROR;
				CLANG_WARN_UNREACHABLE_CODE = YES;
				CLANG_WARN__DUPLICATE_METHOD_MATCH = YES;
				"CODE_SIGN_IDENTITY[sdk=iphoneos*]" = "iPhone Developer";
				COPY_PHASE_STRIP = NO;
				DEBUG_INFORMATION_FORMAT = dwarf;
				ENABLE_STRICT_OBJC_MSGSEND = YES;
				ENABLE_TESTABILITY = YES;
				GCC_C_LANGUAGE_STANDARD = gnu99;
				GCC_DYNAMIC_NO_PIC = NO;
				GCC_NO_COMMON_BLOCKS = YES;
				GCC_OPTIMIZATION_LEVEL = 0;
				GCC_PREPROCESSOR_DEFINITIONS = (
					"DEBUG=1",
					"$(inherited)",
				);
				GCC_WARN_64_TO_32_BIT_CONVERSION = YES;
				GCC_WARN_ABOUT_RETURN_TYPE = YES_ERROR;
				GCC_WARN_UNDECLARED_SELECTOR = YES;
				GCC_WARN_UNINITIALIZED_AUTOS = YES_AGGRESSIVE;
				GCC_WARN_UNUSED_FUNCTION = YES;
				GCC_WARN_UNUSED_VARIABLE = YES;
				IPHONEOS_DEPLOYMENT_TARGET = 9.3;
				MTL_ENABLE_DEBUG_INFO = YES;
				ONLY_ACTIVE_ARCH = YES;
				SDKROOT = iphoneos;
				SWIFT_OPTIMIZATION_LEVEL = "-Onone";
			};
			name = Debug;
		};
		2C9885881D1DB9E000D2E3B2 /* Release */ = {
			isa = XCBuildConfiguration;
			buildSettings = {
				ALWAYS_SEARCH_USER_PATHS = NO;
				CLANG_ANALYZER_NONNULL = YES;
				CLANG_CXX_LANGUAGE_STANDARD = "gnu++0x";
				CLANG_CXX_LIBRARY = "libc++";
				CLANG_ENABLE_MODULES = YES;
				CLANG_ENABLE_OBJC_ARC = YES;
				CLANG_WARN_BOOL_CONVERSION = YES;
				CLANG_WARN_CONSTANT_CONVERSION = YES;
				CLANG_WARN_DIRECT_OBJC_ISA_USAGE = YES_ERROR;
				CLANG_WARN_EMPTY_BODY = YES;
				CLANG_WARN_ENUM_CONVERSION = YES;
				CLANG_WARN_INT_CONVERSION = YES;
				CLANG_WARN_OBJC_ROOT_CLASS = YES_ERROR;
				CLANG_WARN_UNREACHABLE_CODE = YES;
				CLANG_WARN__DUPLICATE_METHOD_MATCH = YES;
				"CODE_SIGN_IDENTITY[sdk=iphoneos*]" = "iPhone Developer";
				COPY_PHASE_STRIP = NO;
				DEBUG_INFORMATION_FORMAT = "dwarf-with-dsym";
				ENABLE_NS_ASSERTIONS = NO;
				ENABLE_STRICT_OBJC_MSGSEND = YES;
				GCC_C_LANGUAGE_STANDARD = gnu99;
				GCC_NO_COMMON_BLOCKS = YES;
				GCC_WARN_64_TO_32_BIT_CONVERSION = YES;
				GCC_WARN_ABOUT_RETURN_TYPE = YES_ERROR;
				GCC_WARN_UNDECLARED_SELECTOR = YES;
				GCC_WARN_UNINITIALIZED_AUTOS = YES_AGGRESSIVE;
				GCC_WARN_UNUSED_FUNCTION = YES;
				GCC_WARN_UNUSED_VARIABLE = YES;
				IPHONEOS_DEPLOYMENT_TARGET = 9.3;
				MTL_ENABLE_DEBUG_INFO = NO;
				SDKROOT = iphoneos;
				VALIDATE_PRODUCT = YES;
			};
			name = Release;
		};
		2C98858A1D1DB9E000D2E3B2 /* Debug */ = {
			isa = XCBuildConfiguration;
			buildSettings = {
				ASSETCATALOG_COMPILER_APPICON_NAME = AppIcon;
				INFOPLIST_FILE = "sort-tester/Info.plist";
				LD_RUNPATH_SEARCH_PATHS = "$(inherited) @executable_path/Frameworks";
				PRODUCT_BUNDLE_IDENTIFIER = "marcus.grant.sort-tester";
				PRODUCT_NAME = "$(TARGET_NAME)";
			};
			name = Debug;
		};
		2C98858B1D1DB9E000D2E3B2 /* Release */ = {
			isa = XCBuildConfiguration;
			buildSettings = {
				ASSETCATALOG_COMPILER_APPICON_NAME = AppIcon;
				INFOPLIST_FILE = "sort-tester/Info.plist";
				LD_RUNPATH_SEARCH_PATHS = "$(inherited) @executable_path/Frameworks";
				PRODUCT_BUNDLE_IDENTIFIER = "marcus.grant.sort-tester";
				PRODUCT_NAME = "$(TARGET_NAME)";
			};
			name = Release;
		};
		2C98858D1D1DB9E000D2E3B2 /* Debug */ = {
			isa = XCBuildConfiguration;
			buildSettings = {
				BUNDLE_LOADER = "$(TEST_HOST)";
				INFOPLIST_FILE = "sort-testerTests/Info.plist";
				LD_RUNPATH_SEARCH_PATHS = "$(inherited) @executable_path/Frameworks @loader_path/Frameworks";
				PRODUCT_BUNDLE_IDENTIFIER = "marcus.grant.sort-testerTests";
				PRODUCT_NAME = "$(TARGET_NAME)";
				TEST_HOST = "$(BUILT_PRODUCTS_DIR)/sort-tester.app/sort-tester";
			};
			name = Debug;
		};
		2C98858E1D1DB9E000D2E3B2 /* Release */ = {
			isa = XCBuildConfiguration;
			buildSettings = {
				BUNDLE_LOADER = "$(TEST_HOST)";
				INFOPLIST_FILE = "sort-testerTests/Info.plist";
				LD_RUNPATH_SEARCH_PATHS = "$(inherited) @executable_path/Frameworks @loader_path/Frameworks";
				PRODUCT_BUNDLE_IDENTIFIER = "marcus.grant.sort-testerTests";
				PRODUCT_NAME = "$(TARGET_NAME)";
				TEST_HOST = "$(BUILT_PRODUCTS_DIR)/sort-tester.app/sort-tester";
			};
			name = Release;
		};
		2C9885901D1DB9E000D2E3B2 /* Debug */ = {
			isa = XCBuildConfiguration;
			buildSettings = {
				INFOPLIST_FILE = "sort-testerUITests/Info.plist";
				LD_RUNPATH_SEARCH_PATHS = "$(inherited) @executable_path/Frameworks @loader_path/Frameworks";
				PRODUCT_BUNDLE_IDENTIFIER = "marcus.grant.sort-testerUITests";
				PRODUCT_NAME = "$(TARGET_NAME)";
				TEST_TARGET_NAME = "sort-tester";
			};
			name = Debug;
		};
		2C9885911D1DB9E000D2E3B2 /* Release */ = {
			isa = XCBuildConfiguration;
			buildSettings = {
				INFOPLIST_FILE = "sort-testerUITests/Info.plist";
				LD_RUNPATH_SEARCH_PATHS = "$(inherited) @executable_path/Frameworks @loader_path/Frameworks";
				PRODUCT_BUNDLE_IDENTIFIER = "marcus.grant.sort-testerUITests";
				PRODUCT_NAME = "$(TARGET_NAME)";
				TEST_TARGET_NAME = "sort-tester";
			};
			name = Release;
		};
/* End XCBuildConfiguration section */

/* Begin XCConfigurationList section */
		2C98855C1D1DB9E000D2E3B2 /* Build configuration list for PBXProject "sort-tester" */ = {
			isa = XCConfigurationList;
			buildConfigurations = (
				2C9885871D1DB9E000D2E3B2 /* Debug */,
				2C9885881D1DB9E000D2E3B2 /* Release */,
			);
			defaultConfigurationIsVisible = 0;
			defaultConfigurationName = Release;
		};
		2C9885891D1DB9E000D2E3B2 /* Build configuration list for PBXNativeTarget "sort-tester" */ = {
			isa = XCConfigurationList;
			buildConfigurations = (
				2C98858A1D1DB9E000D2E3B2 /* Debug */,
				2C98858B1D1DB9E000D2E3B2 /* Release */,
			);
			defaultConfigurationIsVisible = 0;
		};
		2C98858C1D1DB9E000D2E3B2 /* Build configuration list for PBXNativeTarget "sort-testerTests" */ = {
			isa = XCConfigurationList;
			buildConfigurations = (
				2C98858D1D1DB9E000D2E3B2 /* Debug */,
				2C98858E1D1DB9E000D2E3B2 /* Release */,
			);
			defaultConfigurationIsVisible = 0;
		};
		2C98858F1D1DB9E000D2E3B2 /* Build configuration list for PBXNativeTarget "sort-testerUITests" */ = {
			isa = XCConfigurationList;
			buildConfigurations = (
				2C9885901D1DB9E000D2E3B2 /* Debug */,
				2C9885911D1DB9E000D2E3B2 /* Release */,
			);
			defaultConfigurationIsVisible = 0;
		};
/* End XCConfigurationList section */
	};
	rootObject = 2C9885591D1DB9E000D2E3B2 /* Project object */;
}
